{
  "version": 4,
  "terraform_version": "1.12.4",
  "serial": 8,
  "lineage": "3f409dca-f31f-21be-14a6-2dcc68ad4302",
  "outputs": {
    "east_ip": {
      "value": "34.83.129.229",
      "type": "string"
    }
  },
  "resources": [
    {
      "mode": "managed",
      "type": "google_compute_firewall",
      "name": "devbox-ssh",
      "provider": "provider[\"registry.opentofu.org/hashicorp/google\"]",
      "instances": [
        {
          "schema_version": 1,
          "attributes": {
            "allow": [
              {
                "ports": [
                  "22"
                ],
                "protocol": "tcp"
              }
            ],
            "creation_timestamp": "2026-07-17T16:14:51.377-07:00",
            "deletion_policy": "DELETE",
            "deny": [],
            "description": "",
            "destination_ranges": [],
            "direction": "INGRESS",
            "disabled": false,
            "enable_logging": null,
            "id": "projects/gen-lang-client-0029335129/global/firewalls/devbox-allow-ssh",
            "log_config": [],
            "name": "devbox-allow-ssh",
            "network": "https://www.googleapis.com/compute/v1/projects/gen-lang-client-0029335129/global/networks/devbox",
            "params": [],
            "priority": 1000,
            "project": "gen-lang-client-0029335129",
            "self_link": "https://www.googleapis.com/compute/v1/projects/gen-lang-client-0029335129/global/firewalls/devbox-allow-ssh",
            "source_ranges": [
              "0.0.0.0/0"
            ],
            "source_service_accounts": [],
            "source_tags": [],
            "target_service_accounts": [],
            "target_tags": [],
            "timeouts": null
          },
          "sensitive_attributes": [],
          "private": "eyJlMmJmYjczMC1lY2FhLTExZTYtOGY4OC0zNDM2M2JjN2M0YzAiOnsiY3JlYXRlIjoxMjAwMDAwMDAwMDAwLCJkZWxldGUiOjEyMDAwMDAwMDAwMDAsInVwZGF0ZSI6MTIwMDAwMDAwMDAwMH0sInNjaGVtYV92ZXJzaW9uIjoiMSJ9",
          "dependencies": [
            "google_compute_network.devbox"
          ],
          "identity": {
            "name": "devbox-allow-ssh",
            "project": "gen-lang-client-0029335129"
          },
          "identity_schema_version": 1
        }
      ]
    },
    {
      "mode": "managed",
      "type": "google_compute_instance",
      "name": "east",
      "provider": "provider[\"registry.opentofu.org/hashicorp/google\"]",
      "instances": [
        {
          "schema_version": 6,
          "attributes": {
            "advanced_machine_features": [],
            "allow_stopping_for_update": true,
            "attached_disk": [],
            "boot_disk": [
              {
                "auto_delete": true,
                "device_name": "east-root",
                "disk_encryption_key_raw": "",
                "disk_encryption_key_rsa": "",
                "disk_encryption_key_sha256": "",
                "disk_encryption_service_account": "",
                "force_attach": false,
                "guest_os_features": [
                  "UEFI_COMPATIBLE",
                  "VIRTIO_SCSI_MULTIQUEUE",
                  "GVNIC",
                  "SEV_CAPABLE",
                  "SEV_LIVE_MIGRATABLE_V2"
                ],
                "initialize_params": [
                  {
                    "architecture": "X86_64",
                    "enable_confidential_compute": false,
                    "image": "https://www.googleapis.com/compute/v1/projects/debian-cloud/global/images/debian-12-bookworm-v20260714",
                    "labels": {},
                    "provisioned_iops": 0,
                    "provisioned_throughput": 0,
                    "replica_zones": [],
                    "resource_manager_tags": {},
                    "resource_policies": [],
                    "size": 200,
                    "snapshot": "",
                    "source_image_encryption_key": [],
                    "source_snapshot_encryption_key": [],
                    "storage_pool": "",
                    "type": "pd-balanced"
                  }
                ],
                "interface": "",
                "kms_key_self_link": "",
                "mode": "READ_WRITE",
                "source": "https://www.googleapis.com/compute/v1/projects/gen-lang-client-0029335129/zones/us-west1-b/disks/east"
              }
            ],
            "can_ip_forward": false,
            "confidential_instance_config": [],
            "cpu_platform": "AMD Milan",
            "creation_timestamp": "2026-07-17T16:14:52.375-07:00",
            "current_status": "RUNNING",
            "deletion_policy": "DELETE",
            "deletion_protection": false,
            "description": "",
            "desired_status": null,
            "effective_labels": {
              "goog-terraform-provisioned": "true"
            },
            "enable_display": false,
            "guest_accelerator": [],
            "hostname": "",
            "id": "projects/gen-lang-client-0029335129/zones/us-west1-b/instances/east",
            "instance_encryption_key": [],
            "instance_id": "8356911913190754691",
            "key_revocation_action_type": "",
            "label_fingerprint": "vezUS-42LLM=",
            "labels": {},
            "machine_type": "n2d-standard-16",
            "metadata": {
              "enable-oslogin": "FALSE",
              "ssh-keys": "autumn:ssh-ed25519 AAAAC3NzaC1lZDI1NTE5AAAAIIHcGBFNeXDBqJ0o3/SX+YfkCLTugtfyGeSR7rpmu7+o autumn@dmodel.ai"
            },
            "metadata_fingerprint": "1vnnn_F-pz0=",
            "metadata_startup_script": null,
            "min_cpu_platform": "",
            "name": "east",
            "network_interface": [
              {
                "access_config": [
                  {
                    "nat_ip": "34.83.129.229",
                    "network_tier": "PREMIUM",
                    "public_ptr_domain_name": ""
                  }
                ],
                "alias_ip_range": [],
                "igmp_query": "",
                "internal_ipv6_prefix_length": 0,
                "ipv6_access_config": [],
                "ipv6_access_type": "",
                "ipv6_address": "",
                "name": "nic0",
                "network": "https://www.googleapis.com/compute/v1/projects/gen-lang-client-0029335129/global/networks/devbox",
                "network_attachment": "",
                "network_ip": "10.138.0.2",
                "nic_type": "",
                "parent_nic_name": "",
                "queue_count": 0,
                "stack_type": "IPV4_ONLY",
                "subnetwork": "https://www.googleapis.com/compute/v1/projects/gen-lang-client-0029335129/regions/us-west1/subnetworks/devbox",
                "subnetwork_project": "gen-lang-client-0029335129",
                "vlan": 0
              }
            ],
            "network_performance_config": [],
            "params": [],
            "project": "gen-lang-client-0029335129",
            "reservation_affinity": [],
            "resource_policies": [],
            "scheduling": [
              {
                "automatic_restart": true,
                "availability_domain": 0,
                "instance_termination_action": "",
                "local_ssd_recovery_timeout": [],
                "max_run_duration": [],
                "min_node_cpus": 0,
                "node_affinities": [],
                "on_host_maintenance": "MIGRATE",
                "on_instance_stop_action": [],
                "preemptible": false,
                "provisioning_model": "STANDARD",
                "termination_time": ""
              }
            ],
            "scratch_disk": [],
            "self_link": "https://www.googleapis.com/compute/v1/projects/gen-lang-client-0029335129/zones/us-west1-b/instances/east",
            "service_account": [],
            "shielded_instance_config": [
              {
                "enable_integrity_monitoring": true,
                "enable_secure_boot": false,
                "enable_vtpm": true
              }
            ],
            "tags": [],
            "tags_fingerprint": "42WmSpB8rSM=",
            "terraform_labels": {
              "goog-terraform-provisioned": "true"
            },
            "timeouts": null,
            "workload_identity_config": [],
            "zone": "us-west1-b"
          },
          "sensitive_attributes": [
            [
              {
                "type": "get_attr",
                "value": "boot_disk"
              },
              {
                "type": "index",
                "value": {
                  "value": 0,
                  "type": "number"
                }
              },
              {
                "type": "get_attr",
                "value": "disk_encryption_key_raw"
              }
            ],
            [
              {
                "type": "get_attr",
                "value": "boot_disk"
              },
              {
                "type": "index",
                "value": {
                  "value": 0,
                  "type": "number"
                }
              },
              {
                "type": "get_attr",
                "value": "disk_encryption_key_rsa"
              }
            ]
          ],
          "private": "eyJlMmJmYjczMC1lY2FhLTExZTYtOGY4OC0zNDM2M2JjN2M0YzAiOnsiY3JlYXRlIjoxMjAwMDAwMDAwMDAwLCJkZWxldGUiOjEyMDAwMDAwMDAwMDAsInVwZGF0ZSI6MTIwMDAwMDAwMDAwMH0sInNjaGVtYV92ZXJzaW9uIjoiNiJ9",
          "dependencies": [
            "google_compute_network.devbox"
          ]
        }
      ]
    },
    {
      "mode": "managed",
      "type": "google_compute_network",
      "name": "devbox",
      "provider": "provider[\"registry.opentofu.org/hashicorp/google\"]",
      "instances": [
        {
          "schema_version": 0,
          "attributes": {
            "auto_create_subnetworks": true,
            "bgp_always_compare_med": false,
            "bgp_best_path_selection_mode": "LEGACY",
            "bgp_inter_region_cost": "",
            "delete_bgp_always_compare_med": false,
            "delete_default_routes_on_create": false,
            "deletion_policy": "DELETE",
            "description": "",
            "enable_ula_internal_ipv6": false,
            "gateway_ipv4": "",
            "id": "projects/gen-lang-client-0029335129/global/networks/devbox",
            "internal_ipv6_range": "",
            "mtu": 0,
            "name": "devbox",
            "network_firewall_policy_enforcement_order": "AFTER_CLASSIC_FIREWALL",
            "network_id": "1362120714566961624",
            "network_profile": "",
            "numeric_id": "1362120714566961624",
            "params": [],
            "project": "gen-lang-client-0029335129",
            "routing_mode": "REGIONAL",
            "self_link": "https://www.googleapis.com/compute/v1/projects/gen-lang-client-0029335129/global/networks/devbox",
            "timeouts": null
          },
          "sensitive_attributes": [],
          "private": "eyJlMmJmYjczMC1lY2FhLTExZTYtOGY4OC0zNDM2M2JjN2M0YzAiOnsiY3JlYXRlIjoxMjAwMDAwMDAwMDAwLCJkZWxldGUiOjEyMDAwMDAwMDAwMDAsInVwZGF0ZSI6MTIwMDAwMDAwMDAwMH0sInNjaGVtYV92ZXJzaW9uIjoiMCJ9",
          "identity": {
            "name": "devbox",
            "project": "gen-lang-client-0029335129"
          },
          "identity_schema_version": 1
        }
      ]
    },
    {
      "module": "module.east-install.module.install",
      "mode": "managed",
      "type": "null_resource",
      "name": "nixos-remote",
      "provider": "provider[\"registry.opentofu.org/hashicorp/null\"]",
      "instances": [
        {
          "schema_version": 0,
          "attributes": {
            "id": "1498622633764437540",
            "triggers": {
              "instance_id": "projects/gen-lang-client-0029335129/zones/us-west1-b/instances/east"
            }
          },
          "sensitive_attributes": [],
          "dependencies": [
            "google_compute_instance.east",
            "google_compute_network.devbox",
            "module.east-install.module.partitioner-build.data.external.nix-build",
            "module.east-install.module.system-build.data.external.nix-build"
          ]
        }
      ]
    },
    {
      "module": "module.east-install.module.nixos-rebuild[0]",
      "mode": "managed",
      "type": "null_resource",
      "name": "nixos-rebuild",
      "provider": "provider[\"registry.opentofu.org/hashicorp/null\"]",
      "instances": [
        {
          "schema_version": 0,
          "attributes": {
            "id": "7592920085598001249",
            "triggers": {
              "store_path": "/nix/store/vpwzimr5qvd0mq7kbx4wlkd21b5lg5iv-nixos-system-east-26.11.20260716.59682e0"
            }
          },
          "sensitive_attributes": [],
          "dependencies": [
            "google_compute_instance.east",
            "google_compute_network.devbox",
            "module.east-install.module.install.null_resource.nixos-remote",
            "module.east-install.module.partitioner-build.data.external.nix-build",
            "module.east-install.module.system-build.data.external.nix-build"
          ]
        }
      ]
    },
    {
      "module": "module.east-install.module.partitioner-build",
      "mode": "data",
      "type": "external",
      "name": "nix-build",
      "provider": "provider[\"registry.opentofu.org/hashicorp/external\"]",
      "instances": [
        {
          "schema_version": 0,
          "attributes": {
            "id": "-",
            "program": [
              ".terraform/modules/east-install/terraform/nix-build/nix-build.sh"
            ],
            "query": {
              "attribute": "../.#nixosConfigurations.east.config.system.build.diskoScript",
              "debug_logging": "false",
              "file": null,
              "nix_options": "{\"options\":{}}",
              "special_args": "{}"
            },
            "result": {
              "out": "/nix/store/p6ndx6pdihyr46lqbxi16ykbw3x9jyz9-disko"
            },
            "working_dir": null
          },
          "sensitive_attributes": []
        }
      ]
    },
    {
      "module": "module.east-install.module.system-build",
      "mode": "data",
      "type": "external",
      "name": "nix-build",
      "provider": "provider[\"registry.opentofu.org/hashicorp/external\"]",
      "instances": [
        {
          "schema_version": 0,
          "attributes": {
            "id": "-",
            "program": [
              ".terraform/modules/east-install/terraform/nix-build/nix-build.sh"
            ],
            "query": {
              "attribute": "../.#nixosConfigurations.east.config.system.build.toplevel",
              "debug_logging": "false",
              "file": null,
              "nix_options": "{\"options\":{}}",
              "special_args": "{}"
            },
            "result": {
              "out": "/nix/store/vpwzimr5qvd0mq7kbx4wlkd21b5lg5iv-nixos-system-east-26.11.20260716.59682e0"
            },
            "working_dir": null
          },
          "sensitive_attributes": []
        }
      ]
    }
  ],
  "check_results": null
}

